
Microsoft Visual Studio Solution File, Format Version 12.00
# Visual Studio Version 16
VisualStudioVersion = 16.0.30309.148
MinimumVisualStudioVersion = 10.0.40219.1
Project("{FAE04EC0-301F-11D3-BF4B-00C04F79EFBC}") = "WebAPI", "WebAPI\WebAPI.csproj", "{42BB8221-95CF-46DC-8154-6CCDF58D27E5}"
EndProject
Global
	GlobalSection(SolutionConfigurationPlatforms) = preSolution
		Debug|Any CPU = Debug|Any CPU
		Release|Any CPU = Release|Any CPU
	EndGlobalSection
	GlobalSection(ProjectConfigurationPlatforms) = postSolution
		{42BB8221-95CF-46DC-8154-6CCDF58D27E5}.Debug|Any CPU.ActiveCfg = Debug|Any CPU
		{42BB8221-95CF-46DC-8154-6CCDF58D27E5}.Debug|Any CPU.Build.0 = Debug|Any CPU
		{42BB8221-95CF-46DC-8154-6CCDF58D27E5}.Release|Any CPU.ActiveCfg = Release|Any CPU
		{42BB8221-95CF-46DC-8154-6CCDF58D27E5}.Release|Any CPU.Build.0 = Release|Any CPU
	EndGlobalSection
	GlobalSection(SolutionProperties) = preSolution
		HideSolutionNode = FALSE
	EndGlobalSection
	GlobalSection(ExtensibilityGlobals) = postSolution
		SolutionGuid = {19608211-6ED5-4A52-B5C5-1B574352EBA1}
	EndGlobalSection
EndGlobal
